
Microsoft Visual Studio Solution File, Format Version 12.00
# Visual Studio 15
VisualStudioVersion = 15.0.27703.2047
MinimumVisualStudioVersion = 10.0.40219.1
Project("{FAE04EC0-301F-11D3-BF4B-00C04F79EFBC}") = "TestLib", "TestLib\TestLib.csproj", "{8897E399-A10B-4920-9F93-E433B57544FC}"
EndProject
Global
	GlobalSection(SolutionConfigurationPlatforms) = preSolution
		Debug|Any CPU = Debug|Any CPU
		Release|Any CPU = Release|Any CPU
	EndGlobalSection
	GlobalSection(ProjectConfigurationPlatforms) = postSolution
		{8897E399-A10B-4920-9F93-E433B57544FC}.Debug|Any CPU.ActiveCfg = Debug|Any CPU
		{8897E399-A10B-4920-9F93-E433B57544FC}.Debug|Any CPU.Build.0 = Debug|Any CPU
		{8897E399-A10B-4920-9F93-E433B57544FC}.Release|Any CPU.ActiveCfg = Release|Any CPU
		{8897E399-A10B-4920-9F93-E433B57544FC}.Release|Any CPU.Build.0 = Release|Any CPU
	EndGlobalSection
	GlobalSection(SolutionProperties) = preSolution
		HideSolutionNode = FALSE
	EndGlobalSection
	GlobalSection(ExtensibilityGlobals) = postSolution
		SolutionGuid = {AB214A23-2128-4877-858D-FA7C7B484813}
	EndGlobalSection
EndGlobal
